PODS:
  - Alamofire (4.0.1)
  - Appirater (2.0.5)
  - Bolts (1.8.4):
    - Bolts/AppLinks (= 1.8.4)
    - Bolts/Tasks (= 1.8.4)
  - Bolts/AppLinks (1.8.4):
    - Bolts/Tasks
  - Bolts/Tasks (1.8.4)
  - Countly (16.06.4)
  - Crashlytics (3.8.2):
    - Fabric (~> 1.6.3)
  - CryptoSwift (0.6.0)
  - Fabric (1.6.9)
  - FBSDKCoreKit (4.16.0):
    - Bolts (~> 1.7)
  - FBSDKShareKit (4.16.0):
    - FBSDKCoreKit
  - Keys (1.0.0)
  - Mixpanel (3.0.4):
    - Mixpanel/Mixpanel (= 3.0.4)
  - Mixpanel/Mixpanel (3.0.4)
  - Mockingjay (1.2.1):
    - Mockingjay/Core (= 1.2.1)
    - Mockingjay/XCTest (= 1.2.1)
  - Mockingjay/Core (1.2.1):
    - URITemplate (~> 2.0)
  - Mockingjay/XCTest (1.2.1):
    - Mockingjay/Core
  - NSObject+Rx (2.0.0):
    - RxSwift
  - Realm (2.0.0):
    - Realm/Headers (= 2.0.0)
  - Realm/Headers (2.0.0)
  - RealmSwift (2.0.0):
    - Realm (= 2.0.0)
  - RxCocoa (3.0.0-beta.1):
    - RxSwift (~> 3.0.0-beta.1)
  - RxSwift (3.0.0-beta.1)
  - Siren (1.0.2)
  - Smooch (5.0.1)
  - SVProgressHUD (2.0.3)
  - SwiftyJSON (3.1.0)
  - SwiftyStoreKit (0.5.1)
  - TwitterCore (2.4.0):
    - Fabric
  - TwitterKit (2.4.0):
    - TwitterCore (= 2.4.0)
  - URITemplate (2.0.0)

DEPENDENCIES:
  - Alamofire
  - Appirater
  - Countly
  - Crashlytics
  - CryptoSwift
  - Fabric
  - FBSDKCoreKit
  - FBSDKShareKit
  - Keys (from `Pods/CocoaPodsKeys`)
  - Mixpanel
  - Mockingjay (from `https://github.com/kylef/Mockingjay.git`, branch `kylef/swift-3.0`)
  - NSObject+Rx
  - RealmSwift
  - RxCocoa (~> 3.0.0-beta.1)
  - RxSwift (~> 3.0.0-beta.1)
  - Siren
  - Smooch
  - SVProgressHUD
  - SwiftyJSON
  - SwiftyStoreKit
  - TwitterKit

EXTERNAL SOURCES:
  Keys:
    :path: Pods/CocoaPodsKeys
  Mockingjay:
    :branch: kylef/swift-3.0
    :git: https://github.com/kylef/Mockingjay.git

CHECKOUT OPTIONS:
  Mockingjay:
    :commit: bb7751c929a8a8810ddd416191c58c3b8c1f7591
    :git: https://github.com/kylef/Mockingjay.git

SPEC CHECKSUMS:
  Alamofire: 7682d43245de14874acd142ec137b144aa1dd335
  Appirater: e7c0a47fb67ee5041ce8479e6ba960927fb40264
  Bolts: 8a7995239dbe724f9cba2248b766d48b7ebdd322
  Countly: b04e9acd56ce7af17fcbcb5c73fab4ccb474da0b
  Crashlytics: 27acca95a01b042a8294291dd6dff27f8f6af6d7
  CryptoSwift: 4a599b7241b8d3b857d6e2c28867d0bd5d1aae24
  Fabric: bc5bec42cef4bcf1ee3ce0e218fc518e4b44dfbb
  FBSDKCoreKit: 7a6baaed4a2b2a244ba253346713bdbc74df135b
  FBSDKShareKit: e81505de17fc0624cbaa87b83cccc9f2a786e6cb
  Keys: 9c35bf00f612ee1d48556f4a4b9b4551e224e90f
  Mixpanel: 4a2330c26556109d2f42b01e36a05eb9e2caf25e
  Mockingjay: 8642850d8713bb81a6018f394c39f5887f91e389
  NSObject+Rx: 2a9cd801d9c847e6d2486cbad8d7701b67834e70
  Realm: 6dda421ae4b3e9a09742fc2cf4b876d459cbedcd
  RealmSwift: 7d015f34a2781a50889be9b5a15c36c08597ea0e
  RxCocoa: 8cecf331302b8ae5381bbab1bccba4ede2eae6a8
  RxSwift: '0823e8d7969c23bfa9ddfb2afa4881e424a1a710'
  Siren: c21bad8c931d32f9cefd6511a42913b0195329fc
  Smooch: a00b498a63db9922124ef59325cdd7c28cc7f3eb
  SVProgressHUD: b0830714205bea1317ea1a2ebc71e5633af334d4
  SwiftyJSON: 29b9f2a64f118c07e691667c2ba1efe536acfe0b
  SwiftyStoreKit: 53c63f91545a3778dc108f860a7414905ce40a63
  TwitterCore: a139904c80805ad3dde9eef1100704f96f646d1d
  TwitterKit: 1cf9742edf9d182c1518cfdd6aaac0dfe313b38b
  URITemplate: a5acb3f76c6a2338116fde88b658d83f91bbac45

PODFILE CHECKSUM: 643c17eed3d03695d8e801eaa07165f630756f7b

COCOAPODS: 1.0.1
