PODS:
  - Alamofire (3.4.0)
  - Appirater (2.0.5)
  - BigBrother (0.4.0)
  - Crashlytics (3.7.0):
    - Fabric (~> 1.6.3)
  - CryptoSwift (0.4.1)
  - Fabric (1.6.7)
  - Google-Mobile-Ads-SDK (7.8.1)
  - Keys (1.0.0)
  - Mixpanel (2.9.9):
    - Mixpanel/Mixpanel (= 2.9.9)
  - Mixpanel/Mixpanel (2.9.9)
  - Mockingjay (1.2.1):
    - Mockingjay/Core (= 1.2.1)
    - Mockingjay/XCTest (= 1.2.1)
  - Mockingjay/Core (1.2.1):
    - URITemplate (~> 1.3)
  - Mockingjay/XCTest (1.2.1):
    - Mockingjay/Core
  - NSDate+TimeAgo (1.0.6)
  - NSObject+Rx (1.2.1):
    - RxSwift (~> 2.1)
  - Realm (0.102.1):
    - Realm/Headers (= 0.102.1)
  - Realm/Headers (0.102.1)
  - RealmSwift (0.102.1):
    - Realm (= 0.102.1)
  - RxCocoa (2.5.0):
    - RxSwift (~> 2.5)
  - RxSwift (2.5.0)
  - Siren (0.8.0)
  - Smooch (4.2.2)
  - SVProgressHUD (2.0.3)
  - SwiftyJSON (2.3.2)
  - SwiftyStoreKit (0.2.8)
  - URITemplate (1.3.1)

DEPENDENCIES:
  - Alamofire
  - Appirater
  - BigBrother
  - Crashlytics
  - CryptoSwift
  - Fabric
  - Google-Mobile-Ads-SDK
  - Keys (from `Pods/CocoaPodsKeys`)
  - Mixpanel
  - Mockingjay
  - NSDate+TimeAgo
  - NSObject+Rx
  - RealmSwift
  - RxCocoa
  - RxSwift
  - Siren
  - Smooch
  - SVProgressHUD
  - SwiftyJSON
  - SwiftyStoreKit

EXTERNAL SOURCES:
  Keys:
    :path: Pods/CocoaPodsKeys

SPEC CHECKSUMS:
  Alamofire: c19a627cefd6a95f840401c49ab1f124e07f54ee
  Appirater: e7c0a47fb67ee5041ce8479e6ba960927fb40264
  BigBrother: 50274213cffbf9582c38d673ee1787f24510c55c
  Crashlytics: c3a2333dea9e2733d2777f730910321fc9e25c0d
  CryptoSwift: 25b5aff3f260967391f8fff2e9abe4254d2c6fd5
  Fabric: caf7580c725e64db144f610ac65cd60956911dc7
  Google-Mobile-Ads-SDK: 3c2a6656117989469bfe7645640aa1de024a4c6c
  Keys: 9c35bf00f612ee1d48556f4a4b9b4551e224e90f
  Mixpanel: 818d1940c2d9402453b349545022a86968097f57
  Mockingjay: cc4249c2ed9b21fbc9adabf6329d7473212b4251
  NSDate+TimeAgo: 35601c619b2d59290055e4fe76e61d97677a2360
  NSObject+Rx: 5d032a7f161602dec6b82dcf12731e91ce15b8da
  Realm: 5254be610db3e5024879684717bf038990bb59ec
  RealmSwift: 3e24e6bcf56d98ccc134f4909e00839b81a659af
  RxCocoa: e1b1562e57a554d0fb2aabf9d71b637f177257c7
  RxSwift: 402b41a50e922a0368fc14cb3bc9f4427920e8ae
  Siren: e37819c0ef6130098e31ba01cd66857e574bd01a
  Smooch: eac65a9b9e888e3325fde725ce1a6a1ec2137dfc
  SVProgressHUD: b0830714205bea1317ea1a2ebc71e5633af334d4
  SwiftyJSON: 04ccea08915aa0109039157c7974cf0298da292a
  SwiftyStoreKit: 4210ae1ea8ef2743771c1d1ee3673345a8f27e90
  URITemplate: 398a48d6559e23b77bd41176b675b017ad1fc959

PODFILE CHECKSUM: b3911383d13a2edf66f131da0132563ba0a438b0

COCOAPODS: 1.0.0
